// !$*UTF8*$!
{
	archiveVersion = 1;
	classes = {
	};
	objectVersion = 46;
	objects = {

/* Begin PBXBuildFile section */
		04BD669F1CB11DF600573841 /* main.m in Sources */ = {isa = PBXBuildFile; fileRef = 04BD669E1CB11DF600573841 /* main.m */; };
		04BD66A21CB11DF600573841 /* AppDelegate.m in Sources */ = {isa = PBXBuildFile; fileRef = 04BD66A11CB11DF600573841 /* AppDelegate.m */; };
		04BD66A51CB11DF600573841 /* ViewController.m in Sources */ = {isa = PBXBuildFile; fileRef = 04BD66A41CB11DF600573841 /* ViewController.m */; };
		04BD66A81CB11DF600573841 /* Main.storyboard in Resources */ = {isa = PBXBuildFile; fileRef = 04BD66A61CB11DF600573841 /* Main.storyboard */; };
		04BD66AA1CB11DF600573841 /* Assets.xcassets in Resources */ = {isa = PBXBuildFile; fileRef = 04BD66A91CB11DF600573841 /* Assets.xcassets */; };
		04BD66AD1CB11DF600573841 /* LaunchScreen.storyboard in Resources */ = {isa = PBXBuildFile; fileRef = 04BD66AB1CB11DF600573841 /* LaunchScreen.storyboard */; };
		04BD66B81CB11DF600573841 /* GCD____Tests.m in Sources */ = {isa = PBXBuildFile; fileRef = 04BD66B71CB11DF600573841 /* GCD____Tests.m */; };
		04BD66C31CB11DF600573841 /* GCD____UITests.m in Sources */ = {isa = PBXBuildFile; fileRef = 04BD66C21CB11DF600573841 /* GCD____UITests.m */; };
/* End PBXBuildFile section */

/* Begin PBXContainerItemProxy section */
		04BD66B41CB11DF600573841 /* PBXContainerItemProxy */ = {
			isa = PBXContainerItemProxy;
			containerPortal = 04BD66921CB11DF500573841 /* Project object */;
			proxyType = 1;
			remoteGlobalIDString = 04BD66991CB11DF600573841;
			remoteInfo = "GCD非原子性";
		};
		04BD66BF1CB11DF600573841 /* PBXContainerItemProxy */ = {
			isa = PBXContainerItemProxy;
			containerPortal = 04BD66921CB11DF500573841 /* Project object */;
			proxyType = 1;
			remoteGlobalIDString = 04BD66991CB11DF600573841;
			remoteInfo = "GCD非原子性";
		};
/* End PBXContainerItemProxy section */

/* Begin PBXFileReference section */
		04BD669A1CB11DF600573841 /* GCD非原子性.app */ = {isa = PBXFileReference; explicitFileType = wrapper.application; includeInIndex = 0; path = "GCD非原子性.app"; sourceTree = BUILT_PRODUCTS_DIR; };
		04BD669E1CB11DF600573841 /* main.m */ = {isa = PBXFileReference; lastKnownFileType = sourcecode.c.objc; path = main.m; sourceTree = "<group>"; };
		04BD66A01CB11DF600573841 /* AppDelegate.h */ = {isa = PBXFileReference; lastKnownFileType = sourcecode.c.h; path = AppDelegate.h; sourceTree = "<group>"; };
		04BD66A11CB11DF600573841 /* AppDelegate.m */ = {isa = PBXFileReference; lastKnownFileType = sourcecode.c.objc; path = AppDelegate.m; sourceTree = "<group>"; };
		04BD66A31CB11DF600573841 /* ViewController.h */ = {isa = PBXFileReference; lastKnownFileType = sourcecode.c.h; path = ViewController.h; sourceTree = "<group>"; };
		04BD66A41CB11DF600573841 /* ViewController.m */ = {isa = PBXFileReference; lastKnownFileType = sourcecode.c.objc; path = ViewController.m; sourceTree = "<group>"; };
		04BD66A71CB11DF600573841 /* Base */ = {isa = PBXFileReference; lastKnownFileType = file.storyboard; name = Base; path = Base.lproj/Main.storyboard; sourceTree = "<group>"; };
		04BD66A91CB11DF600573841 /* Assets.xcassets */ = {isa = PBXFileReference; lastKnownFileType = folder.assetcatalog; path = Assets.xcassets; sourceTree = "<group>"; };
		04BD66AC1CB11DF600573841 /* Base */ = {isa = PBXFileReference; lastKnownFileType = file.storyboard; name = Base; path = Base.lproj/LaunchScreen.storyboard; sourceTree = "<group>"; };
		04BD66AE1CB11DF600573841 /* Info.plist */ = {isa = PBXFileReference; lastKnownFileType = text.plist.xml; path = Info.plist; sourceTree = "<group>"; };
		04BD66B31CB11DF600573841 /* GCD非原子性Tests.xctest */ = {isa = PBXFileReference; explicitFileType = wrapper.cfbundle; includeInIndex = 0; path = "GCD非原子性Tests.xctest"; sourceTree = BUILT_PRODUCTS_DIR; };
		04BD66B71CB11DF600573841 /* GCD____Tests.m */ = {isa = PBXFileReference; lastKnownFileType = sourcecode.c.objc; path = "GCD____Tests.m"; sourceTree = "<group>"; };
		04BD66B91CB11DF600573841 /* Info.plist */ = {isa = PBXFileReference; lastKnownFileType = text.plist.xml; path = Info.plist; sourceTree = "<group>"; };
		04BD66BE1CB11DF600573841 /* GCD非原子性UITests.xctest */ = {isa = PBXFileReference; explicitFileType = wrapper.cfbundle; includeInIndex = 0; path = "GCD非原子性UITests.xctest"; sourceTree = BUILT_PRODUCTS_DIR; };
		04BD66C21CB11DF600573841 /* GCD____UITests.m */ = {isa = PBXFileReference; lastKnownFileType = sourcecode.c.objc; path = "GCD____UITests.m"; sourceTree = "<group>"; };
		04BD66C41CB11DF600573841 /* Info.plist */ = {isa = PBXFileReference; lastKnownFileType = text.plist.xml; path = Info.plist; sourceTree = "<group>"; };
/* End PBXFileReference section */

/* Begin PBXFrameworksBuildPhase section */
		04BD66971CB11DF600573841 /* Frameworks */ = {
			isa = PBXFrameworksBuildPhase;
			buildActionMask = 2147483647;
			files = (
			);
			runOnlyForDeploymentPostprocessing = 0;
		};
		04BD66B01CB11DF600573841 /* Frameworks */ = {
			isa = PBXFrameworksBuildPhase;
			buildActionMask = 2147483647;
			files = (
			);
			runOnlyForDeploymentPostprocessing = 0;
		};
		04BD66BB1CB11DF600573841 /* Frameworks */ = {
			isa = PBXFrameworksBuildPhase;
			buildActionMask = 2147483647;
			files = (
			);
			runOnlyForDeploymentPostprocessing = 0;
		};
/* End PBXFrameworksBuildPhase section */

/* Begin PBXGroup section */
		04BD66911CB11DF500573841 = {
			isa = PBXGroup;
			children = (
				04BD669C1CB11DF600573841 /* GCD非原子性 */,
				04BD66B61CB11DF600573841 /* GCD非原子性Tests */,
				04BD66C11CB11DF600573841 /* GCD非原子性UITests */,
				04BD669B1CB11DF600573841 /* Products */,
			);
			sourceTree = "<group>";
		};
		04BD669B1CB11DF600573841 /* Products */ = {
			isa = PBXGroup;
			children = (
				04BD669A1CB11DF600573841 /* GCD非原子性.app */,
				04BD66B31CB11DF600573841 /* GCD非原子性Tests.xctest */,
				04BD66BE1CB11DF600573841 /* GCD非原子性UITests.xctest */,
			);
			name = Products;
			sourceTree = "<group>";
		};
		04BD669C1CB11DF600573841 /* GCD非原子性 */ = {
			isa = PBXGroup;
			children = (
				04BD66A01CB11DF600573841 /* AppDelegate.h */,
				04BD66A11CB11DF600573841 /* AppDelegate.m */,
				04BD66A31CB11DF600573841 /* ViewController.h */,
				04BD66A41CB11DF600573841 /* ViewController.m */,
				04BD66A61CB11DF600573841 /* Main.storyboard */,
				04BD66A91CB11DF600573841 /* Assets.xcassets */,
				04BD66AB1CB11DF600573841 /* LaunchScreen.storyboard */,
				04BD66AE1CB11DF600573841 /* Info.plist */,
				04BD669D1CB11DF600573841 /* Supporting Files */,
			);
			path = "GCD非原子性";
			sourceTree = "<group>";
		};
		04BD669D1CB11DF600573841 /* Supporting Files */ = {
			isa = PBXGroup;
			children = (
				04BD669E1CB11DF600573841 /* main.m */,
			);
			name = "Supporting Files";
			sourceTree = "<group>";
		};
		04BD66B61CB11DF600573841 /* GCD非原子性Tests */ = {
			isa = PBXGroup;
			children = (
				04BD66B71CB11DF600573841 /* GCD____Tests.m */,
				04BD66B91CB11DF600573841 /* Info.plist */,
			);
			path = "GCD非原子性Tests";
			sourceTree = "<group>";
		};
		04BD66C11CB11DF600573841 /* GCD非原子性UITests */ = {
			isa = PBXGroup;
			children = (
				04BD66C21CB11DF600573841 /* GCD____UITests.m */,
				04BD66C41CB11DF600573841 /* Info.plist */,
			);
			path = "GCD非原子性UITests";
			sourceTree = "<group>";
		};
/* End PBXGroup section */

/* Begin PBXNativeTarget section */
		04BD66991CB11DF600573841 /* GCD非原子性 */ = {
			isa = PBXNativeTarget;
			buildConfigurationList = 04BD66C71CB11DF600573841 /* Build configuration list for PBXNativeTarget "GCD非原子性" */;
			buildPhases = (
				04BD66961CB11DF600573841 /* Sources */,
				04BD66971CB11DF600573841 /* Frameworks */,
				04BD66981CB11DF600573841 /* Resources */,
			);
			buildRules = (
			);
			dependencies = (
			);
			name = "GCD非原子性";
			productName = "GCD非原子性";
			productReference = 04BD669A1CB11DF600573841 /* GCD非原子性.app */;
			productType = "com.apple.product-type.application";
		};
		04BD66B21CB11DF600573841 /* GCD非原子性Tests */ = {
			isa = PBXNativeTarget;
			buildConfigurationList = 04BD66CA1CB11DF600573841 /* Build configuration list for PBXNativeTarget "GCD非原子性Tests" */;
			buildPhases = (
				04BD66AF1CB11DF600573841 /* Sources */,
				04BD66B01CB11DF600573841 /* Frameworks */,
				04BD66B11CB11DF600573841 /* Resources */,
			);
			buildRules = (
			);
			dependencies = (
				04BD66B51CB11DF600573841 /* PBXTargetDependency */,
			);
			name = "GCD非原子性Tests";
			productName = "GCD非原子性Tests";
			productReference = 04BD66B31CB11DF600573841 /* GCD非原子性Tests.xctest */;
			productType = "com.apple.product-type.bundle.unit-test";
		};
		04BD66BD1CB11DF600573841 /* GCD非原子性UITests */ = {
			isa = PBXNativeTarget;
			buildConfigurationList = 04BD66CD1CB11DF600573841 /* Build configuration list for PBXNativeTarget "GCD非原子性UITests" */;
			buildPhases = (
				04BD66BA1CB11DF600573841 /* Sources */,
				04BD66BB1CB11DF600573841 /* Frameworks */,
				04BD66BC1CB11DF600573841 /* Resources */,
			);
			buildRules = (
			);
			dependencies = (
				04BD66C01CB11DF600573841 /* PBXTargetDependency */,
			);
			name = "GCD非原子性UITests";
			productName = "GCD非原子性UITests";
			productReference = 04BD66BE1CB11DF600573841 /* GCD非原子性UITests.xctest */;
			productType = "com.apple.product-type.bundle.ui-testing";
		};
/* End PBXNativeTarget section */

/* Begin PBXProject section */
		04BD66921CB11DF500573841 /* Project object */ = {
			isa = PBXProject;
			attributes = {
				LastUpgradeCheck = 0720;
				ORGANIZATIONNAME = mac;
				TargetAttributes = {
					04BD66991CB11DF600573841 = {
						CreatedOnToolsVersion = 7.2.1;
					};
					04BD66B21CB11DF600573841 = {
						CreatedOnToolsVersion = 7.2.1;
						TestTargetID = 04BD66991CB11DF600573841;
					};
					04BD66BD1CB11DF600573841 = {
						CreatedOnToolsVersion = 7.2.1;
						TestTargetID = 04BD66991CB11DF600573841;
					};
				};
			};
			buildConfigurationList = 04BD66951CB11DF500573841 /* Build configuration list for PBXProject "GCD非原子性" */;
			compatibilityVersion = "Xcode 3.2";
			developmentRegion = English;
			hasScannedForEncodings = 0;
			knownRegions = (
				en,
				Base,
			);
			mainGroup = 04BD66911CB11DF500573841;
			productRefGroup = 04BD669B1CB11DF600573841 /* Products */;
			projectDirPath = "";
			projectRoot = "";
			targets = (
				04BD66991CB11DF600573841 /* GCD非原子性 */,
				04BD66B21CB11DF600573841 /* GCD非原子性Tests */,
				04BD66BD1CB11DF600573841 /* GCD非原子性UITests */,
			);
		};
/* End PBXProject section */

/* Begin PBXResourcesBuildPhase section */
		04BD66981CB11DF600573841 /* Resources */ = {
			isa = PBXResourcesBuildPhase;
			buildActionMask = 2147483647;
			files = (
				04BD66AD1CB11DF600573841 /* LaunchScreen.storyboard in Resources */,
				04BD66AA1CB11DF600573841 /* Assets.xcassets in Resources */,
				04BD66A81CB11DF600573841 /* Main.storyboard in Resources */,
			);
			runOnlyForDeploymentPostprocessing = 0;
		};
		04BD66B11CB11DF600573841 /* Resources */ = {
			isa = PBXResourcesBuildPhase;
			buildActionMask = 2147483647;
			files = (
			);
			runOnlyForDeploymentPostprocessing = 0;
		};
		04BD66BC1CB11DF600573841 /* Resources */ = {
			isa = PBXResourcesBuildPhase;
			buildActionMask = 2147483647;
			files = (
			);
			runOnlyForDeploymentPostprocessing = 0;
		};
/* End PBXResourcesBuildPhase section */

/* Begin PBXSourcesBuildPhase section */
		04BD66961CB11DF600573841 /* Sources */ = {
			isa = PBXSourcesBuildPhase;
			buildActionMask = 2147483647;
			files = (
				04BD66A51CB11DF600573841 /* ViewController.m in Sources */,
				04BD66A21CB11DF600573841 /* AppDelegate.m in Sources */,
				04BD669F1CB11DF600573841 /* main.m in Sources */,
			);
			runOnlyForDeploymentPostprocessing = 0;
		};
		04BD66AF1CB11DF600573841 /* Sources */ = {
			isa = PBXSourcesBuildPhase;
			buildActionMask = 2147483647;
			files = (
				04BD66B81CB11DF600573841 /* GCD____Tests.m in Sources */,
			);
			runOnlyForDeploymentPostprocessing = 0;
		};
		04BD66BA1CB11DF600573841 /* Sources */ = {
			isa = PBXSourcesBuildPhase;
			buildActionMask = 2147483647;
			files = (
				04BD66C31CB11DF600573841 /* GCD____UITests.m in Sources */,
			);
			runOnlyForDeploymentPostprocessing = 0;
		};
/* End PBXSourcesBuildPhase section */

/* Begin PBXTargetDependency section */
		04BD66B51CB11DF600573841 /* PBXTargetDependency */ = {
			isa = PBXTargetDependency;
			target = 04BD66991CB11DF600573841 /* GCD非原子性 */;
			targetProxy = 04BD66B41CB11DF600573841 /* PBXContainerItemProxy */;
		};
		04BD66C01CB11DF600573841 /* PBXTargetDependency */ = {
			isa = PBXTargetDependency;
			target = 04BD66991CB11DF600573841 /* GCD非原子性 */;
			targetProxy = 04BD66BF1CB11DF600573841 /* PBXContainerItemProxy */;
		};
/* End PBXTargetDependency section */

/* Begin PBXVariantGroup section */
		04BD66A61CB11DF600573841 /* Main.storyboard */ = {
			isa = PBXVariantGroup;
			children = (
				04BD66A71CB11DF600573841 /* Base */,
			);
			name = Main.storyboard;
			sourceTree = "<group>";
		};
		04BD66AB1CB11DF600573841 /* LaunchScreen.storyboard */ = {
			isa = PBXVariantGroup;
			children = (
				04BD66AC1CB11DF600573841 /* Base */,
			);
			name = LaunchScreen.storyboard;
			sourceTree = "<group>";
		};
/* End PBXVariantGroup section */

/* Begin XCBuildConfiguration section */
		04BD66C51CB11DF600573841 /* Debug */ = {
			isa = XCBuildConfiguration;
			buildSettings = {
				ALWAYS_SEARCH_USER_PATHS = NO;
				CLANG_CXX_LANGUAGE_STANDARD = "gnu++0x";
				CLANG_CXX_LIBRARY = "libc++";
				CLANG_ENABLE_MODULES = YES;
				CLANG_ENABLE_OBJC_ARC = YES;
				CLANG_WARN_BOOL_CONVERSION = YES;
				CLANG_WARN_CONSTANT_CONVERSION = YES;
				CLANG_WARN_DIRECT_OBJC_ISA_USAGE = YES_ERROR;
				CLANG_WARN_EMPTY_BODY = YES;
				CLANG_WARN_ENUM_CONVERSION = YES;
				CLANG_WARN_INT_CONVERSION = YES;
				CLANG_WARN_OBJC_ROOT_CLASS = YES_ERROR;
				CLANG_WARN_UNREACHABLE_CODE = YES;
				CLANG_WARN__DUPLICATE_METHOD_MATCH = YES;
				"CODE_SIGN_IDENTITY[sdk=iphoneos*]" = "iPhone Developer";
				COPY_PHASE_STRIP = NO;
				DEBUG_INFORMATION_FORMAT = dwarf;
				ENABLE_STRICT_OBJC_MSGSEND = YES;
				ENABLE_TESTABILITY = YES;
				GCC_C_LANGUAGE_STANDARD = gnu99;
				GCC_DYNAMIC_NO_PIC = NO;
				GCC_NO_COMMON_BLOCKS = YES;
				GCC_OPTIMIZATION_LEVEL = 0;
				GCC_PREPROCESSOR_DEFINITIONS = (
					"DEBUG=1",
					"$(inherited)",
				);
				GCC_WARN_64_TO_32_BIT_CONVERSION = YES;
				GCC_WARN_ABOUT_RETURN_TYPE = YES_ERROR;
				GCC_WARN_UNDECLARED_SELECTOR = YES;
				GCC_WARN_UNINITIALIZED_AUTOS = YES_AGGRESSIVE;
				GCC_WARN_UNUSED_FUNCTION = YES;
				GCC_WARN_UNUSED_VARIABLE = YES;
				IPHONEOS_DEPLOYMENT_TARGET = 9.2;
				MTL_ENABLE_DEBUG_INFO = YES;
				ONLY_ACTIVE_ARCH = YES;
				SDKROOT = iphoneos;
			};
			name = Debug;
		};
		04BD66C61CB11DF600573841 /* Release */ = {
			isa = XCBuildConfiguration;
			buildSettings = {
				ALWAYS_SEARCH_USER_PATHS = NO;
				CLANG_CXX_LANGUAGE_STANDARD = "gnu++0x";
				CLANG_CXX_LIBRARY = "libc++";
				CLANG_ENABLE_MODULES = YES;
				CLANG_ENABLE_OBJC_ARC = YES;
				CLANG_WARN_BOOL_CONVERSION = YES;
				CLANG_WARN_CONSTANT_CONVERSION = YES;
				CLANG_WARN_DIRECT_OBJC_ISA_USAGE = YES_ERROR;
				CLANG_WARN_EMPTY_BODY = YES;
				CLANG_WARN_ENUM_CONVERSION = YES;
				CLANG_WARN_INT_CONVERSION = YES;
				CLANG_WARN_OBJC_ROOT_CLASS = YES_ERROR;
				CLANG_WARN_UNREACHABLE_CODE = YES;
				CLANG_WARN__DUPLICATE_METHOD_MATCH = YES;
				"CODE_SIGN_IDENTITY[sdk=iphoneos*]" = "iPhone Developer";
				COPY_PHASE_STRIP = NO;
				DEBUG_INFORMATION_FORMAT = "dwarf-with-dsym";
				ENABLE_NS_ASSERTIONS = NO;
				ENABLE_STRICT_OBJC_MSGSEND = YES;
				GCC_C_LANGUAGE_STANDARD = gnu99;
				GCC_NO_COMMON_BLOCKS = YES;
				GCC_WARN_64_TO_32_BIT_CONVERSION = YES;
				GCC_WARN_ABOUT_RETURN_TYPE = YES_ERROR;
				GCC_WARN_UNDECLARED_SELECTOR = YES;
				GCC_WARN_UNINITIALIZED_AUTOS = YES_AGGRESSIVE;
				GCC_WARN_UNUSED_FUNCTION = YES;
				GCC_WARN_UNUSED_VARIABLE = YES;
				IPHONEOS_DEPLOYMENT_TARGET = 9.2;
				MTL_ENABLE_DEBUG_INFO = NO;
				SDKROOT = iphoneos;
				VALIDATE_PRODUCT = YES;
			};
			name = Release;
		};
		04BD66C81CB11DF600573841 /* Debug */ = {
			isa = XCBuildConfiguration;
			buildSettings = {
				ASSETCATALOG_COMPILER_APPICON_NAME = AppIcon;
				INFOPLIST_FILE = "GCD非原子性/Info.plist";
				LD_RUNPATH_SEARCH_PATHS = "$(inherited) @executable_path/Frameworks";
				PRODUCT_BUNDLE_IDENTIFIER = "mac.GCD----";
				PRODUCT_NAME = "$(TARGET_NAME)";
			};
			name = Debug;
		};
		04BD66C91CB11DF600573841 /* Release */ = {
			isa = XCBuildConfiguration;
			buildSettings = {
				ASSETCATALOG_COMPILER_APPICON_NAME = AppIcon;
				INFOPLIST_FILE = "GCD非原子性/Info.plist";
				LD_RUNPATH_SEARCH_PATHS = "$(inherited) @executable_path/Frameworks";
				PRODUCT_BUNDLE_IDENTIFIER = "mac.GCD----";
				PRODUCT_NAME = "$(TARGET_NAME)";
			};
			name = Release;
		};
		04BD66CB1CB11DF600573841 /* Debug */ = {
			isa = XCBuildConfiguration;
			buildSettings = {
				BUNDLE_LOADER = "$(TEST_HOST)";
				INFOPLIST_FILE = "GCD非原子性Tests/Info.plist";
				LD_RUNPATH_SEARCH_PATHS = "$(inherited) @executable_path/Frameworks @loader_path/Frameworks";
				PRODUCT_BUNDLE_IDENTIFIER = "mac.GCD----Tests";
				PRODUCT_NAME = "$(TARGET_NAME)";
				TEST_HOST = "$(BUILT_PRODUCTS_DIR)/GCD非原子性.app/GCD非原子性";
			};
			name = Debug;
		};
		04BD66CC1CB11DF600573841 /* Release */ = {
			isa = XCBuildConfiguration;
			buildSettings = {
				BUNDLE_LOADER = "$(TEST_HOST)";
				INFOPLIST_FILE = "GCD非原子性Tests/Info.plist";
				LD_RUNPATH_SEARCH_PATHS = "$(inherited) @executable_path/Frameworks @loader_path/Frameworks";
				PRODUCT_BUNDLE_IDENTIFIER = "mac.GCD----Tests";
				PRODUCT_NAME = "$(TARGET_NAME)";
				TEST_HOST = "$(BUILT_PRODUCTS_DIR)/GCD非原子性.app/GCD非原子性";
			};
			name = Release;
		};
		04BD66CE1CB11DF600573841 /* Debug */ = {
			isa = XCBuildConfiguration;
			buildSettings = {
				INFOPLIST_FILE = "GCD非原子性UITests/Info.plist";
				LD_RUNPATH_SEARCH_PATHS = "$(inherited) @executable_path/Frameworks @loader_path/Frameworks";
				PRODUCT_BUNDLE_IDENTIFIER = "mac.GCD----UITests";
				PRODUCT_NAME = "$(TARGET_NAME)";
				TEST_TARGET_NAME = "GCD非原子性";
				USES_XCTRUNNER = YES;
			};
			name = Debug;
		};
		04BD66CF1CB11DF600573841 /* Release */ = {
			isa = XCBuildConfiguration;
			buildSettings = {
				INFOPLIST_FILE = "GCD非原子性UITests/Info.plist";
				LD_RUNPATH_SEARCH_PATHS = "$(inherited) @executable_path/Frameworks @loader_path/Frameworks";
				PRODUCT_BUNDLE_IDENTIFIER = "mac.GCD----UITests";
				PRODUCT_NAME = "$(TARGET_NAME)";
				TEST_TARGET_NAME = "GCD非原子性";
				USES_XCTRUNNER = YES;
			};
			name = Release;
		};
/* End XCBuildConfiguration section */

/* Begin XCConfigurationList section */
		04BD66951CB11DF500573841 /* Build configuration list for PBXProject "GCD非原子性" */ = {
			isa = XCConfigurationList;
			buildConfigurations = (
				04BD66C51CB11DF600573841 /* Debug */,
				04BD66C61CB11DF600573841 /* Release */,
			);
			defaultConfigurationIsVisible = 0;
			defaultConfigurationName = Release;
		};
		04BD66C71CB11DF600573841 /* Build configuration list for PBXNativeTarget "GCD非原子性" */ = {
			isa = XCConfigurationList;
			buildConfigurations = (
				04BD66C81CB11DF600573841 /* Debug */,
				04BD66C91CB11DF600573841 /* Release */,
			);
			defaultConfigurationIsVisible = 0;
		};
		04BD66CA1CB11DF600573841 /* Build configuration list for PBXNativeTarget "GCD非原子性Tests" */ = {
			isa = XCConfigurationList;
			buildConfigurations = (
				04BD66CB1CB11DF600573841 /* Debug */,
				04BD66CC1CB11DF600573841 /* Release */,
			);
			defaultConfigurationIsVisible = 0;
		};
		04BD66CD1CB11DF600573841 /* Build configuration list for PBXNativeTarget "GCD非原子性UITests" */ = {
			isa = XCConfigurationList;
			buildConfigurations = (
				04BD66CE1CB11DF600573841 /* Debug */,
				04BD66CF1CB11DF600573841 /* Release */,
			);
			defaultConfigurationIsVisible = 0;
		};
/* End XCConfigurationList section */
	};
	rootObject = 04BD66921CB11DF500573841 /* Project object */;
}
